
Microsoft Visual Studio Solution File, Format Version 12.00
# Visual Studio Version 16
VisualStudioVersion = 16.0.31702.278
MinimumVisualStudioVersion = 10.0.40219.1
Project("{FAE04EC0-301F-11D3-BF4B-00C04F79EFBC}") = "myWork", "myWork.csproj", "{02A3E6EB-11B0-4F18-8C92-039D5B00C0D0}"
EndProject
Global
	GlobalSection(SolutionConfigurationPlatforms) = preSolution
		Debug|Any CPU = Debug|Any CPU
		Release|Any CPU = Release|Any CPU
	EndGlobalSection
	GlobalSection(ProjectConfigurationPlatforms) = postSolution
		{02A3E6EB-11B0-4F18-8C92-039D5B00C0D0}.Debug|Any CPU.ActiveCfg = Debug|Any CPU
		{02A3E6EB-11B0-4F18-8C92-039D5B00C0D0}.Debug|Any CPU.Build.0 = Debug|Any CPU
		{02A3E6EB-11B0-4F18-8C92-039D5B00C0D0}.Release|Any CPU.ActiveCfg = Release|Any CPU
		{02A3E6EB-11B0-4F18-8C92-039D5B00C0D0}.Release|Any CPU.Build.0 = Release|Any CPU
	EndGlobalSection
	GlobalSection(SolutionProperties) = preSolution
		HideSolutionNode = FALSE
	EndGlobalSection
	GlobalSection(ExtensibilityGlobals) = postSolution
		SolutionGuid = {F956C5A1-502B-4306-BBCA-2FA4775B6498}
	EndGlobalSection
EndGlobal
